// !$*UTF8*$!
{
	archiveVersion = 1;
	classes = {
	};
	objectVersion = 46;
	objects = {

/* Begin PBXBuildFile section */
		229FB16619EF00FA00D47EA2 /* main.m in Sources */ = {isa = PBXBuildFile; fileRef = 229FB16519EF00FA00D47EA2 /* main.m */; };
		229FB16D19EF023900D47EA2 /* Security.framework in Frameworks */ = {isa = PBXBuildFile; fileRef = 229FB16C19EF023900D47EA2 /* Security.framework */; };
/* End PBXBuildFile section */

/* Begin PBXCopyFilesBuildPhase section */
		229FB16019EF00FA00D47EA2 /* CopyFiles */ = {
			isa = PBXCopyFilesBuildPhase;
			buildActionMask = 2147483647;
			dstPath = /usr/share/man/man1/;
			dstSubfolderSpec = 0;
			files = (
			);
			runOnlyForDeploymentPostprocessing = 1;
		};
/* End PBXCopyFilesBuildPhase section */

/* Begin PBXFileReference section */
		229FB16219EF00FA00D47EA2 /* SignatureParse */ = {isa = PBXFileReference; explicitFileType = "compiled.mach-o.executable"; includeInIndex = 0; path = SignatureParse; sourceTree = BUILT_PRODUCTS_DIR; };
		229FB16519EF00FA00D47EA2 /* main.m */ = {isa = PBXFileReference; lastKnownFileType = sourcecode.c.objc; path = main.m; sourceTree = "<group>"; };
		229FB16C19EF023900D47EA2 /* Security.framework */ = {isa = PBXFileReference; lastKnownFileType = wrapper.framework; name = Security.framework; path = System/Library/Frameworks/Security.framework; sourceTree = SDKROOT; };
/* End PBXFileReference section */

/* Begin PBXFrameworksBuildPhase section */
		229FB15F19EF00FA00D47EA2 /* Frameworks */ = {
			isa = PBXFrameworksBuildPhase;
			buildActionMask = 2147483647;
			files = (
				229FB16D19EF023900D47EA2 /* Security.framework in Frameworks */,
			);
			runOnlyForDeploymentPostprocessing = 0;
		};
/* End PBXFrameworksBuildPhase section */

/* Begin PBXGroup section */
		229FB15919EF00FA00D47EA2 = {
			isa = PBXGroup;
			children = (
				229FB16C19EF023900D47EA2 /* Security.framework */,
				229FB16419EF00FA00D47EA2 /* SignatureParse */,
				229FB16319EF00FA00D47EA2 /* Products */,
			);
			sourceTree = "<group>";
		};
		229FB16319EF00FA00D47EA2 /* Products */ = {
			isa = PBXGroup;
			children = (
				229FB16219EF00FA00D47EA2 /* SignatureParse */,
			);
			name = Products;
			sourceTree = "<group>";
		};
		229FB16419EF00FA00D47EA2 /* SignatureParse */ = {
			isa = PBXGroup;
			children = (
				229FB16519EF00FA00D47EA2 /* main.m */,
			);
			path = SignatureParse;
			sourceTree = "<group>";
		};
/* End PBXGroup section */

/* Begin PBXNativeTarget section */
		229FB16119EF00FA00D47EA2 /* SignatureParse */ = {
			isa = PBXNativeTarget;
			buildConfigurationList = 229FB16919EF00FA00D47EA2 /* Build configuration list for PBXNativeTarget "SignatureParse" */;
			buildPhases = (
				229FB15E19EF00FA00D47EA2 /* Sources */,
				229FB15F19EF00FA00D47EA2 /* Frameworks */,
				229FB16019EF00FA00D47EA2 /* CopyFiles */,
			);
			buildRules = (
			);
			dependencies = (
			);
			name = SignatureParse;
			productName = SignatureParse;
			productReference = 229FB16219EF00FA00D47EA2 /* SignatureParse */;
			productType = "com.apple.product-type.tool";
		};
/* End PBXNativeTarget section */

/* Begin PBXProject section */
		229FB15A19EF00FA00D47EA2 /* Project object */ = {
			isa = PBXProject;
			attributes = {
				LastUpgradeCheck = 0600;
				ORGANIZATIONNAME = "Sam Marshall";
				TargetAttributes = {
					229FB16119EF00FA00D47EA2 = {
						CreatedOnToolsVersion = 6.0.1;
					};
				};
			};
			buildConfigurationList = 229FB15D19EF00FA00D47EA2 /* Build configuration list for PBXProject "SignatureParse" */;
			compatibilityVersion = "Xcode 3.2";
			developmentRegion = English;
			hasScannedForEncodings = 0;
			knownRegions = (
				en,
			);
			mainGroup = 229FB15919EF00FA00D47EA2;
			productRefGroup = 229FB16319EF00FA00D47EA2 /* Products */;
			projectDirPath = "";
			projectRoot = "";
			targets = (
				229FB16119EF00FA00D47EA2 /* SignatureParse */,
			);
		};
/* End PBXProject section */

/* Begin PBXSourcesBuildPhase section */
		229FB15E19EF00FA00D47EA2 /* Sources */ = {
			isa = PBXSourcesBuildPhase;
			buildActionMask = 2147483647;
			files = (
				229FB16619EF00FA00D47EA2 /* main.m in Sources */,
			);
			runOnlyForDeploymentPostprocessing = 0;
		};
/* End PBXSourcesBuildPhase section */

/* Begin XCBuildConfiguration section */
		229FB16719EF00FA00D47EA2 /* Debug */ = {
			isa = XCBuildConfiguration;
			buildSettings = {
				ALWAYS_SEARCH_USER_PATHS = NO;
				CLANG_CXX_LANGUAGE_STANDARD = "gnu++0x";
				CLANG_CXX_LIBRARY = "libc++";
				CLANG_ENABLE_MODULES = YES;
				CLANG_ENABLE_OBJC_ARC = YES;
				CLANG_WARN_BOOL_CONVERSION = YES;
				CLANG_WARN_CONSTANT_CONVERSION = YES;
				CLANG_WARN_DIRECT_OBJC_ISA_USAGE = YES_ERROR;
				CLANG_WARN_EMPTY_BODY = YES;
				CLANG_WARN_ENUM_CONVERSION = YES;
				CLANG_WARN_INT_CONVERSION = YES;
				CLANG_WARN_OBJC_ROOT_CLASS = YES_ERROR;
				CLANG_WARN_UNREACHABLE_CODE = YES;
				CLANG_WARN__DUPLICATE_METHOD_MATCH = YES;
				COPY_PHASE_STRIP = NO;
				ENABLE_STRICT_OBJC_MSGSEND = YES;
				GCC_C_LANGUAGE_STANDARD = gnu99;
				GCC_DYNAMIC_NO_PIC = NO;
				GCC_OPTIMIZATION_LEVEL = 0;
				GCC_PREPROCESSOR_DEFINITIONS = (
					"DEBUG=1",
					"$(inherited)",
				);
				GCC_SYMBOLS_PRIVATE_EXTERN = NO;
				GCC_WARN_64_TO_32_BIT_CONVERSION = YES;
				GCC_WARN_ABOUT_RETURN_TYPE = YES_ERROR;
				GCC_WARN_UNDECLARED_SELECTOR = YES;
				GCC_WARN_UNINITIALIZED_AUTOS = YES_AGGRESSIVE;
				GCC_WARN_UNUSED_FUNCTION = YES;
				GCC_WARN_UNUSED_VARIABLE = YES;
				MACOSX_DEPLOYMENT_TARGET = 10.9;
				MTL_ENABLE_DEBUG_INFO = YES;
				ONLY_ACTIVE_ARCH = NO;
				SDKROOT = PrivateMacOSX10.9;
			};
			name = Debug;
		};
		229FB16819EF00FA00D47EA2 /* Release */ = {
			isa = XCBuildConfiguration;
			buildSettings = {
				ALWAYS_SEARCH_USER_PATHS = NO;
				CLANG_CXX_LANGUAGE_STANDARD = "gnu++0x";
				CLANG_CXX_LIBRARY = "libc++";
				CLANG_ENABLE_MODULES = YES;
				CLANG_ENABLE_OBJC_ARC = YES;
				CLANG_WARN_BOOL_CONVERSION = YES;
				CLANG_WARN_CONSTANT_CONVERSION = YES;
				CLANG_WARN_DIRECT_OBJC_ISA_USAGE = YES_ERROR;
				CLANG_WARN_EMPTY_BODY = YES;
				CLANG_WARN_ENUM_CONVERSION = YES;
				CLANG_WARN_INT_CONVERSION = YES;
				CLANG_WARN_OBJC_ROOT_CLASS = YES_ERROR;
				CLANG_WARN_UNREACHABLE_CODE = YES;
				CLANG_WARN__DUPLICATE_METHOD_MATCH = YES;
				COPY_PHASE_STRIP = YES;
				DEBUG_INFORMATION_FORMAT = "dwarf-with-dsym";
				ENABLE_NS_ASSERTIONS = NO;
				ENABLE_STRICT_OBJC_MSGSEND = YES;
				GCC_C_LANGUAGE_STANDARD = gnu99;
				GCC_WARN_64_TO_32_BIT_CONVERSION = YES;
				GCC_WARN_ABOUT_RETURN_TYPE = YES_ERROR;
				GCC_WARN_UNDECLARED_SELECTOR = YES;
				GCC_WARN_UNINITIALIZED_AUTOS = YES_AGGRESSIVE;
				GCC_WARN_UNUSED_FUNCTION = YES;
				GCC_WARN_UNUSED_VARIABLE = YES;
				MACOSX_DEPLOYMENT_TARGET = 10.9;
				MTL_ENABLE_DEBUG_INFO = NO;
				ONLY_ACTIVE_ARCH = NO;
				SDKROOT = PrivateMacOSX10.9;
			};
			name = Release;
		};
		229FB16A19EF00FA00D47EA2 /* Debug */ = {
			isa = XCBuildConfiguration;
			buildSettings = {
				ALWAYS_SEARCH_USER_PATHS = YES;
				FRAMEWORK_SEARCH_PATHS = /Applications/Xcode.app/Contents/Developer/Platforms/MacOSX.platform/Developer/SDKs/PrivateMacOSX10.9.sdk/System/Library/Frameworks;
				PRODUCT_NAME = "$(TARGET_NAME)";
				SDKROOT = macosx;
			};
			name = Debug;
		};
		229FB16B19EF00FA00D47EA2 /* Release */ = {
			isa = XCBuildConfiguration;
			buildSettings = {
				ALWAYS_SEARCH_USER_PATHS = YES;
				FRAMEWORK_SEARCH_PATHS = /Applications/Xcode.app/Contents/Developer/Platforms/MacOSX.platform/Developer/SDKs/PrivateMacOSX10.9.sdk/System/Library/Frameworks;
				PRODUCT_NAME = "$(TARGET_NAME)";
				SDKROOT = macosx;
			};
			name = Release;
		};
/* End XCBuildConfiguration section */

/* Begin XCConfigurationList section */
		229FB15D19EF00FA00D47EA2 /* Build configuration list for PBXProject "SignatureParse" */ = {
			isa = XCConfigurationList;
			buildConfigurations = (
				229FB16719EF00FA00D47EA2 /* Debug */,
				229FB16819EF00FA00D47EA2 /* Release */,
			);
			defaultConfigurationIsVisible = 0;
			defaultConfigurationName = Release;
		};
		229FB16919EF00FA00D47EA2 /* Build configuration list for PBXNativeTarget "SignatureParse" */ = {
			isa = XCConfigurationList;
			buildConfigurations = (
				229FB16A19EF00FA00D47EA2 /* Debug */,
				229FB16B19EF00FA00D47EA2 /* Release */,
			);
			defaultConfigurationIsVisible = 0;
		};
/* End XCConfigurationList section */
	};
	rootObject = 229FB15A19EF00FA00D47EA2 /* Project object */;
}
